
Microsoft Visual Studio Solution File, Format Version 12.00
# Visual Studio Version 17
VisualStudioVersion = 17.9.34607.119
MinimumVisualStudioVersion = 10.0.40219.1
Project("{FAE04EC0-301F-11D3-BF4B-00C04F79EFBC}") = "AtriaMatchMaker", "AtriaMatchMaker.csproj", "{D91CC756-FAFE-4153-AC43-59BD889EA4D2}"
EndProject
Global
	GlobalSection(SolutionConfigurationPlatforms) = preSolution
		Debug|Any CPU = Debug|Any CPU
		Release|Any CPU = Release|Any CPU
	EndGlobalSection
	GlobalSection(ProjectConfigurationPlatforms) = postSolution
		{D91CC756-FAFE-4153-AC43-59BD889EA4D2}.Debug|Any CPU.ActiveCfg = Debug|Any CPU
		{D91CC756-FAFE-4153-AC43-59BD889EA4D2}.Debug|Any CPU.Build.0 = Debug|Any CPU
		{D91CC756-FAFE-4153-AC43-59BD889EA4D2}.Release|Any CPU.ActiveCfg = Release|Any CPU
		{D91CC756-FAFE-4153-AC43-59BD889EA4D2}.Release|Any CPU.Build.0 = Release|Any CPU
	EndGlobalSection
	GlobalSection(SolutionProperties) = preSolution
		HideSolutionNode = FALSE
	EndGlobalSection
	GlobalSection(ExtensibilityGlobals) = postSolution
		SolutionGuid = {90D14C20-313C-4DEE-9183-D7E1D8989744}
	EndGlobalSection
EndGlobal
